
Microsoft Visual Studio Solution File, Format Version 12.00
# Visual Studio Version 17
VisualStudioVersion = 17.11.35312.102
MinimumVisualStudioVersion = 10.0.40219.1
Project("{8BC9CEB8-8B4A-11D0-8D11-00A0C91BC942}") = "CppDataModel", "CppDataModel\CppDataModel.vcxproj", "{1917B924-3B31-4223-84E5-9C0BB5DD6405}"
EndProject
Project("{8BC9CEB8-8B4A-11D0-8D11-00A0C91BC942}") = "CppDataModelTest", "CppDataModelTest\CppDataModelTest.vcxproj", "{DBC60F4F-AE95-4297-94AF-F4E76F894E2A}"
EndProject
Global
	GlobalSection(SolutionConfigurationPlatforms) = preSolution
		Debug|x64 = Debug|x64
		Debug|x86 = Debug|x86
		Release|x64 = Release|x64
		Release|x86 = Release|x86
	EndGlobalSection
	GlobalSection(ProjectConfigurationPlatforms) = postSolution
		{1917B924-3B31-4223-84E5-9C0BB5DD6405}.Debug|x64.ActiveCfg = Debug|x64
		{1917B924-3B31-4223-84E5-9C0BB5DD6405}.Debug|x64.Build.0 = Debug|x64
		{1917B924-3B31-4223-84E5-9C0BB5DD6405}.Debug|x86.ActiveCfg = Debug|Win32
		{1917B924-3B31-4223-84E5-9C0BB5DD6405}.Debug|x86.Build.0 = Debug|Win32
		{1917B924-3B31-4223-84E5-9C0BB5DD6405}.Release|x64.ActiveCfg = Release|x64
		{1917B924-3B31-4223-84E5-9C0BB5DD6405}.Release|x64.Build.0 = Release|x64
		{1917B924-3B31-4223-84E5-9C0BB5DD6405}.Release|x86.ActiveCfg = Release|Win32
		{1917B924-3B31-4223-84E5-9C0BB5DD6405}.Release|x86.Build.0 = Release|Win32
		{DBC60F4F-AE95-4297-94AF-F4E76F894E2A}.Debug|x64.ActiveCfg = Debug|x64
		{DBC60F4F-AE95-4297-94AF-F4E76F894E2A}.Debug|x64.Build.0 = Debug|x64
		{DBC60F4F-AE95-4297-94AF-F4E76F894E2A}.Debug|x86.ActiveCfg = Debug|Win32
		{DBC60F4F-AE95-4297-94AF-F4E76F894E2A}.Debug|x86.Build.0 = Debug|Win32
		{DBC60F4F-AE95-4297-94AF-F4E76F894E2A}.Release|x64.ActiveCfg = Release|x64
		{DBC60F4F-AE95-4297-94AF-F4E76F894E2A}.Release|x64.Build.0 = Release|x64
		{DBC60F4F-AE95-4297-94AF-F4E76F894E2A}.Release|x86.ActiveCfg = Release|Win32
		{DBC60F4F-AE95-4297-94AF-F4E76F894E2A}.Release|x86.Build.0 = Release|Win32
	EndGlobalSection
	GlobalSection(SolutionProperties) = preSolution
		HideSolutionNode = FALSE
	EndGlobalSection
	GlobalSection(ExtensibilityGlobals) = postSolution
		SolutionGuid = {4DF8CE57-A5EF-4AC3-B147-A9820275B22F}
	EndGlobalSection
EndGlobal
