<?xml version="1.0" encoding="utf-8"?>
<Project ToolsVersion="4.0" xmlns="http://schemas.microsoft.com/developer/msbuild/2003">
  <ItemGroup>
    <Filter Include="Archivos de recursos">
      <UniqueIdentifier>{67DA6AB6-F800-4c08-8B7A-83BB121AAD01}</UniqueIdentifier>
      <Extensions>rc;ico;cur;bmp;dlg;rc2;rct;bin;rgs;gif;jpg;jpeg;jpe;resx;tiff;tif;png;wav;mfcribbon-ms</Extensions>
    </Filter>
    <Filter Include="include">
      <UniqueIdentifier>{246a1b41-f335-4b21-b2f9-78ebc8cabb7c}</UniqueIdentifier>
    </Filter>
    <Filter Include="include\Validation">
      <UniqueIdentifier>{f089f8bc-b78a-4817-a40a-a3d2306122e9}</UniqueIdentifier>
    </Filter>
    <Filter Include="src">
      <UniqueIdentifier>{6bdea76a-ac82-4afd-b735-1c0a7bbebbc6}</UniqueIdentifier>
    </Filter>
  </ItemGroup>
  <ItemGroup>
    <ClInclude Include="include\IDataModel.h">
      <Filter>include</Filter>
    </ClInclude>
    <ClInclude Include="include\Field.h">
      <Filter>include</Filter>
    </ClInclude>
    <ClInclude Include="include\Validation\IValidator.h">
      <Filter>include\Validation</Filter>
    </ClInclude>
    <ClInclude Include="include\IField.h">
      <Filter>include</Filter>
    </ClInclude>
    <ClInclude Include="include\DataModel.h">
      <Filter>include</Filter>
    </ClInclude>
    <ClInclude Include="include\FieldErrors.h">
      <Filter>include</Filter>
    </ClInclude>
    <ClInclude Include="include\DataModelErrors.h">
      <Filter>include</Filter>
    </ClInclude>
  </ItemGroup>
  <ItemGroup>
    <ClCompile Include="src\DataModel.cpp">
      <Filter>src</Filter>
    </ClCompile>
  </ItemGroup>
</Project>